# THIS IS AN AUTOGENERATED FILE. DO NOT EDIT THIS FILE DIRECTLY.
# yarn lockfile v1


"@tootallnate/once@1":
  version "1.1.2"
  resolved "https://registry.npmjs.org/@tootallnate/once/-/once-1.1.2.tgz"
  integrity sha512-RbzJvlNzmRq5c3O09UipeuXno4tA1FE6ikOjxZK0tuxVv3412l64l5t1W5pj4+rJq9vpkm/kwiR07aZXnsKPxw==

"@types/mocha@^2.2.48":
  version "2.2.48"
  resolved "https://registry.npmjs.org/@types/mocha/-/mocha-2.2.48.tgz"
  integrity sha512-nlK/iyETgafGli8Zh9zJVCTicvU3iajSkRwOh3Hhiva598CMqNJ4NcVCGMTGKpGpTYj/9R8RLzS9NAykSSCqGw==

"@types/node@^6.14.9":
  version "6.14.13"
  resolved "https://registry.npmjs.org/@types/node/-/node-6.14.13.tgz"
  integrity sha512-J1F0XJ/9zxlZel5ZlbeSuHW2OpabrUAqpFuC2sm2I3by8sERQ8+KCjNKUcq8QHuzpGMWiJpo9ZxeHrqrP2KzQw==

agent-base@^4.3.0, agent-base@4:
  version "4.3.0"
  resolved "https://registry.npmjs.org/agent-base/-/agent-base-4.3.0.tgz"
  integrity sha512-salcGninV0nPrwpGNn4VTXBb1SOuXQBiqbrNXoeizJsHrsL6ERFM2Ne3JUSBWRE6aeNJI2ROP/WEEIDUiDe3cg==
  dependencies:
    es6-promisify "^5.0.0"

agent-base@6:
  version "6.0.2"
  resolved "https://registry.npmjs.org/agent-base/-/agent-base-6.0.2.tgz"
  integrity sha512-RZNwNclF7+MS/8bDg70amg32dyeZGZxiDuQmZxKLAlQjr3jGyLx+4Kkk58UO7D2QdgFIQCovuSuZESne6RG6XQ==
  dependencies:
    debug "4"

ansi-styles@^3.2.1:
  version "3.2.1"
  resolved "https://registry.npmjs.org/ansi-styles/-/ansi-styles-3.2.1.tgz"
  integrity sha512-VT0ZI6kZRdTh8YyJw3SMbYm/u+NqfsAxEpWO0Pf9sq8/e94WxxOpPKx9FR1FlyCtOVDNOQ+8ntlqFxiRc+r5qA==
  dependencies:
    color-convert "^1.9.0"

argparse@^1.0.7:
  version "1.0.10"
  resolved "https://registry.npmjs.org/argparse/-/argparse-1.0.10.tgz"
  integrity sha512-o5Roy6tNG4SL/FOkCAN6RzjiakZS25RLYFrcMttJqbdd8BWrnA+fGz57iN5Pb06pvBGvl5gQ0B48dJlslXvoTg==
  dependencies:
    sprintf-js "~1.0.2"

azure-devops-node-api@^11.0.1:
  version "11.2.0"
  resolved "https://registry.npmjs.org/azure-devops-node-api/-/azure-devops-node-api-11.2.0.tgz"
  integrity sha512-XdiGPhrpaT5J8wdERRKs5g8E0Zy1pvOYTli7z9E8nmOn3YGp4FhtjhrOyFmX/8veWCwdI69mCHKJw6l+4J/bHA==
  dependencies:
    tunnel "0.0.6"
    typed-rest-client "^1.8.4"

balanced-match@^1.0.0:
  version "1.0.2"
  resolved "https://registry.npmjs.org/balanced-match/-/balanced-match-1.0.2.tgz"
  integrity sha512-3oSeUO0TMV67hN1AmbXsK4yaqU7tjiHlbxRDZOpH0KW9+CeX4bRAaX0Anxt0tx2MrpRpWwQaPwIlISEJhYU5Pw==

base64-js@^1.3.1:
  version "1.5.1"
  resolved "https://registry.npmjs.org/base64-js/-/base64-js-1.5.1.tgz"
  integrity sha512-AKpaYlHn8t4SVbOHCy+b5+KKgvR4vrsD8vbvrbiQJps7fKDTkjkDry6ji0rUJjC0kzbNePLwzxq8iypo41qeWA==

bl@^4.0.3:
  version "4.1.0"
  resolved "https://registry.npmjs.org/bl/-/bl-4.1.0.tgz"
  integrity sha512-1W07cM9gS6DcLperZfFSj+bWLtaPGSOHWhPiGzXmvVJbRLdG82sH/Kn8EtW1VqWVA54AKf2h5k5BbnIbwF3h6w==
  dependencies:
    buffer "^5.5.0"
    inherits "^2.0.4"
    readable-stream "^3.4.0"

boolbase@^1.0.0:
  version "1.0.0"
  resolved "https://registry.npmjs.org/boolbase/-/boolbase-1.0.0.tgz"
  integrity sha512-JZOSA7Mo9sNGB8+UjSgzdLtokWAky1zbztM3WRLCbZ70/3cTANmQmOdR7y2g+J0e2WXywy1yS468tY+IruqEww==

brace-expansion@^1.1.7:
  version "1.1.11"
  resolved "https://registry.npmjs.org/brace-expansion/-/brace-expansion-1.1.11.tgz"
  integrity sha512-iCuPHDFgrHX7H2vEI/5xpz07zSHB00TpugqhmYtVmMO6518mCuRMoOYFldEBl0g187ufozdaHgWKcYFb61qGiA==
  dependencies:
    balanced-match "^1.0.0"
    concat-map "0.0.1"

browser-stdout@1.3.1:
  version "1.3.1"
  resolved "https://registry.npmjs.org/browser-stdout/-/browser-stdout-1.3.1.tgz"
  integrity sha512-qhAVI1+Av2X7qelOfAIYwXONood6XlZE/fXaBSmW/T5SzLAmCgzi+eiWE7fUvbHaeNBQH13UftjpXxsfLkMpgw==

buffer-crc32@~0.2.3:
  version "0.2.13"
  resolved "https://registry.npmjs.org/buffer-crc32/-/buffer-crc32-0.2.13.tgz"
  integrity sha512-VO9Ht/+p3SN7SKWqcrgEzjGbRSJYTx+Q1pTQC0wrWqHx0vpJraQ6GtHx8tvcg1rlK1byhU5gccxgOgj7B0TDkQ==

buffer-from@^1.0.0:
  version "1.1.2"
  resolved "https://registry.npmjs.org/buffer-from/-/buffer-from-1.1.2.tgz"
  integrity sha512-E+XQCRwSbaaiChtv6k6Dwgc+bx+Bs6vuKJHHl5kox/BaKbhiXzqQOwK4cO22yElGp2OCmjwVhT3HmxgyPGnJfQ==

buffer@^5.5.0:
  version "5.7.1"
  resolved "https://registry.npmjs.org/buffer/-/buffer-5.7.1.tgz"
  integrity sha512-EHcyIPBQ4BSGlvjB16k5KgAJ27CIsHY/2JBmCRReo48y9rQ3MaUzWX3KVlBa4U7MyX02HdVj0K7C3WaB3ju7FQ==
  dependencies:
    base64-js "^1.3.1"
    ieee754 "^1.1.13"

call-bind@^1.0.0:
  version "1.0.5"
  resolved "https://registry.npmjs.org/call-bind/-/call-bind-1.0.5.tgz"
  integrity sha512-C3nQxfFZxFRVoJoGKKI8y3MOEo129NQ+FgQ08iye+Mk4zNZZGdjfs06bVTr+DBSlA66Q2VEcMki/cUCP4SercQ==
  dependencies:
    function-bind "^1.1.2"
    get-intrinsic "^1.2.1"
    set-function-length "^1.1.1"

chalk@^2.4.2:
  version "2.4.2"
  resolved "https://registry.npmjs.org/chalk/-/chalk-2.4.2.tgz"
  integrity sha512-Mti+f9lpJNcwF4tWV8/OrTTtF1gZi+f8FqlyAdouralcFWFQWF2+NgCHShjkCb+IFBLq9buZwE1xckQU4peSuQ==
  dependencies:
    ansi-styles "^3.2.1"
    escape-string-regexp "^1.0.5"
    supports-color "^5.3.0"

cheerio-select@^2.1.0:
  version "2.1.0"
  resolved "https://registry.npmjs.org/cheerio-select/-/cheerio-select-2.1.0.tgz"
  integrity sha512-9v9kG0LvzrlcungtnJtpGNxY+fzECQKhK4EGJX2vByejiMX84MFNQw4UxPJl3bFbTMw+Dfs37XaIkCwTZfLh4g==
  dependencies:
    boolbase "^1.0.0"
    css-select "^5.1.0"
    css-what "^6.1.0"
    domelementtype "^2.3.0"
    domhandler "^5.0.3"
    domutils "^3.0.1"

cheerio@^1.0.0-rc.9:
  version "1.0.0-rc.12"
  resolved "https://registry.npmjs.org/cheerio/-/cheerio-1.0.0-rc.12.tgz"
  integrity sha512-VqR8m68vM46BNnuZ5NtnGBKIE/DfN0cRIzg9n40EIq9NOv90ayxLBXA8fXC5gquFRGJSTRqBq25Jt2ECLR431Q==
  dependencies:
    cheerio-select "^2.1.0"
    dom-serializer "^2.0.0"
    domhandler "^5.0.3"
    domutils "^3.0.1"
    htmlparser2 "^8.0.1"
    parse5 "^7.0.0"
    parse5-htmlparser2-tree-adapter "^7.0.0"

chownr@^1.1.1:
  version "1.1.4"
  resolved "https://registry.npmjs.org/chownr/-/chownr-1.1.4.tgz"
  integrity sha512-jJ0bqzaylmJtVnNgzTeSOs8DPavpbYgEr/b0YL8/2GO3xJEhInFmhKMUnEJQjZumK7KXGFhUy89PrsJWlakBVg==

color-convert@^1.9.0:
  version "1.9.3"
  resolved "https://registry.npmjs.org/color-convert/-/color-convert-1.9.3.tgz"
  integrity sha512-QfAUtd+vFdAtFQcC8CCyYt1fYWxSqAiK2cSD6zDB8N3cpsEBAvRxp9zOGg6G/SHHJYAT88/az/IuDGALsNVbGg==
  dependencies:
    color-name "1.1.3"

color-name@1.1.3:
  version "1.1.3"
  resolved "https://registry.npmjs.org/color-name/-/color-name-1.1.3.tgz"
  integrity sha512-72fSenhMw2HZMTVHeCA9KCmpEIbzWiQsjN+BHcBbS9vr1mtt+vJjPdksIBNUmKAW8TFUDPJK5SUU3QhE9NEXDw==

commander@^6.1.0:
  version "6.2.1"
  resolved "https://registry.npmjs.org/commander/-/commander-6.2.1.tgz"
  integrity sha512-U7VdrJFnJgo4xjrHpTzu0yrHPGImdsmD95ZlgYSEajAn2JKzDhDTPG9kBTefmObL2w/ngeZnilk+OV9CG3d7UA==

commander@2.15.1:
  version "2.15.1"
  resolved "https://registry.npmjs.org/commander/-/commander-2.15.1.tgz"
  integrity sha512-VlfT9F3V0v+jr4yxPc5gg9s62/fIVWsd2Bk2iD435um1NlGMYdVCq+MjcXnhYq2icNOizHr1kK+5TI6H0Hy0ag==

concat-map@0.0.1:
  version "0.0.1"
  resolved "https://registry.npmjs.org/concat-map/-/concat-map-0.0.1.tgz"
  integrity sha512-/Srv4dswyQNBfohGpz9o6Yb3Gz3SrUDqBH5rTuhGR7ahtlbYKnVxw2bCFMRljaA7EXHaXZ8wsHdodFvbkhKmqg==

css-select@^5.1.0:
  version "5.1.0"
  resolved "https://registry.npmjs.org/css-select/-/css-select-5.1.0.tgz"
  integrity sha512-nwoRF1rvRRnnCqqY7updORDsuqKzqYJ28+oSMaJMMgOauh3fvwHqMS7EZpIPqK8GL+g9mKxF1vP/ZjSeNjEVHg==
  dependencies:
    boolbase "^1.0.0"
    css-what "^6.1.0"
    domhandler "^5.0.2"
    domutils "^3.0.1"
    nth-check "^2.0.1"

css-what@^6.1.0:
  version "6.1.0"
  resolved "https://registry.npmjs.org/css-what/-/css-what-6.1.0.tgz"
  integrity sha512-HTUrgRJ7r4dsZKU6GjmpfRK1O76h97Z8MfS1G0FozR+oF2kG6Vfe8JE6zwrkbxigziPHinCJ+gCPjA9EaBDtRw==

debug@^3.1.0, debug@3.1.0:
  version "3.1.0"
  resolved "https://registry.npmjs.org/debug/-/debug-3.1.0.tgz"
  integrity sha512-OX8XqP7/1a9cqkxYw2yXss15f26NKWBpDXQd0/uK/KPqdQhxbPa994hnzjcE2VqQpDslf55723cKPUOGSmMY3g==
  dependencies:
    ms "2.0.0"

debug@4:
  version "4.3.4"
  resolved "https://registry.npmjs.org/debug/-/debug-4.3.4.tgz"
  integrity sha512-PRWFHuSU3eDtQJPvnNY7Jcket1j0t5OuOsFzPPzsekD52Zl8qUfFIPEiswXqIvHWGVHOgX+7G/vCNNhehwxfkQ==
  dependencies:
    ms "2.1.2"

decompress-response@^6.0.0:
  version "6.0.0"
  resolved "https://registry.npmjs.org/decompress-response/-/decompress-response-6.0.0.tgz"
  integrity sha512-aW35yZM6Bb/4oJlZncMH2LCoZtJXTRxES17vE3hoRiowU2kWHaJKFkSBDnDR+cm9J+9QhXmREyIfv0pji9ejCQ==
  dependencies:
    mimic-response "^3.1.0"

deep-extend@^0.6.0:
  version "0.6.0"
  resolved "https://registry.npmjs.org/deep-extend/-/deep-extend-0.6.0.tgz"
  integrity sha512-LOHxIOaPYdHlJRtCQfDIVZtfw/ufM8+rVj649RIHzcm/vGwQRXFt6OPqIFWsm2XEMrNIEtWR64sY1LEKD2vAOA==

define-data-property@^1.1.1:
  version "1.1.1"
  resolved "https://registry.npmjs.org/define-data-property/-/define-data-property-1.1.1.tgz"
  integrity sha512-E7uGkTzkk1d0ByLeSc6ZsFS79Axg+m1P/VsgYsxHgiuc3tFSj+MjMIwe90FC4lOAZzNBdY7kkO2P2wKdsQ1vgQ==
  dependencies:
    get-intrinsic "^1.2.1"
    gopd "^1.0.1"
    has-property-descriptors "^1.0.0"

denodeify@^1.2.1:
  version "1.2.1"
  resolved "https://registry.npmjs.org/denodeify/-/denodeify-1.2.1.tgz"
  integrity sha512-KNTihKNmQENUZeKu5fzfpzRqR5S2VMp4gl9RFHiWzj9DfvYQPMJ6XHKNaQxaGCXwPk6y9yme3aUoaiAe+KX+vg==

detect-libc@^2.0.0:
  version "2.0.2"
  resolved "https://registry.npmjs.org/detect-libc/-/detect-libc-2.0.2.tgz"
  integrity sha512-UX6sGumvvqSaXgdKGUsgZWqcUyIXZ/vZTrlRT/iobiKhGL0zL4d3osHj3uqllWJK+i+sixDS/3COVEOFbupFyw==

diff@3.5.0:
  version "3.5.0"
  resolved "https://registry.npmjs.org/diff/-/diff-3.5.0.tgz"
  integrity sha512-A46qtFgd+g7pDZinpnwiRJtxbC1hpgf0uzP3iG89scHk0AUC7A1TGxf5OiiOUv/JMZR8GOt8hL900hV0bOy5xA==

dom-serializer@^2.0.0:
  version "2.0.0"
  resolved "https://registry.npmjs.org/dom-serializer/-/dom-serializer-2.0.0.tgz"
  integrity sha512-wIkAryiqt/nV5EQKqQpo3SToSOV9J0DnbJqwK7Wv/Trc92zIAYZ4FlMu+JPFW1DfGFt81ZTCGgDEabffXeLyJg==
  dependencies:
    domelementtype "^2.3.0"
    domhandler "^5.0.2"
    entities "^4.2.0"

domelementtype@^2.3.0:
  version "2.3.0"
  resolved "https://registry.npmjs.org/domelementtype/-/domelementtype-2.3.0.tgz"
  integrity sha512-OLETBj6w0OsagBwdXnPdN0cnMfF9opN69co+7ZrbfPGrdpPVNBUj02spi6B1N7wChLQiPn4CSH/zJvXw56gmHw==

domhandler@^5.0.2, domhandler@^5.0.3:
  version "5.0.3"
  resolved "https://registry.npmjs.org/domhandler/-/domhandler-5.0.3.tgz"
  integrity sha512-cgwlv/1iFQiFnU96XXgROh8xTeetsnJiDsTc7TYCLFd9+/WNkIqPTxiM/8pSd8VIrhXGTf1Ny1q1hquVqDJB5w==
  dependencies:
    domelementtype "^2.3.0"

domutils@^3.0.1:
  version "3.1.0"
  resolved "https://registry.npmjs.org/domutils/-/domutils-3.1.0.tgz"
  integrity sha512-H78uMmQtI2AhgDJjWeQmHwJJ2bLPD3GMmO7Zja/ZZh84wkm+4ut+IUnUdRa8uCGX88DiVx1j6FRe1XfxEgjEZA==
  dependencies:
    dom-serializer "^2.0.0"
    domelementtype "^2.3.0"
    domhandler "^5.0.3"

end-of-stream@^1.1.0, end-of-stream@^1.4.1:
  version "1.4.4"
  resolved "https://registry.npmjs.org/end-of-stream/-/end-of-stream-1.4.4.tgz"
  integrity sha512-+uw1inIHVPQoaVuHzRyXd21icM+cnt4CzD5rW+NC1wjOUSTOs+Te7FOv7AhN7vS9x/oIyhLP5PR1H+phQAHu5Q==
  dependencies:
    once "^1.4.0"

entities@^4.2.0, entities@^4.4.0:
  version "4.5.0"
  resolved "https://registry.npmjs.org/entities/-/entities-4.5.0.tgz"
  integrity sha512-V0hjH4dGPh9Ao5p0MoRY6BVqtwCjhz6vI5LT8AJ55H+4g9/4vbHx1I54fS0XuclLhDHArPQCiMjDxjaL8fPxhw==

entities@~2.0.0:
  version "2.0.3"
  resolved "https://registry.npmjs.org/entities/-/entities-2.0.3.tgz"
  integrity sha512-MyoZ0jgnLvB2X3Lg5HqpFmn1kybDiIfEQmKzTb5apr51Rb+T3KdmMiqa70T+bhGnyv7bQ6WMj2QMHpGMmlrUYQ==

es6-promise@^4.0.3:
  version "4.2.8"
  resolved "https://registry.npmjs.org/es6-promise/-/es6-promise-4.2.8.tgz"
  integrity sha512-HJDGx5daxeIvxdBxvG2cb9g4tEvwIk3i8+nhX0yGrYmZUzbkdg8QbDevheDB8gd0//uPj4c1EQua8Q+MViT0/w==

es6-promisify@^5.0.0:
  version "5.0.0"
  resolved "https://registry.npmjs.org/es6-promisify/-/es6-promisify-5.0.0.tgz"
  integrity sha512-C+d6UdsYDk0lMebHNR4S2NybQMMngAOnOwYBQjTOiv0MkoJMP0Myw2mgpDLBcpfCmRLxyFqYhS/CfOENq4SJhQ==
  dependencies:
    es6-promise "^4.0.3"

escape-string-regexp@^1.0.5, escape-string-regexp@1.0.5:
  version "1.0.5"
  resolved "https://registry.npmjs.org/escape-string-regexp/-/escape-string-regexp-1.0.5.tgz"
  integrity sha512-vbRorB5FUQWvla16U8R/qgaFIya2qGzwDrNmCZuYKrbdSUMG6I1ZCGQRefkRVhuOkIGVne7BQ35DSfo1qvJqFg==

expand-template@^2.0.3:
  version "2.0.3"
  resolved "https://registry.npmjs.org/expand-template/-/expand-template-2.0.3.tgz"
  integrity sha512-XYfuKMvj4O35f/pOXLObndIRvyQ+/+6AhODh+OKWj9S9498pHHn/IMszH+gt0fBCRWMNfk1ZSp5x3AifmnI2vg==

fd-slicer@~1.1.0:
  version "1.1.0"
  resolved "https://registry.npmjs.org/fd-slicer/-/fd-slicer-1.1.0.tgz"
  integrity sha512-cE1qsB/VwyQozZ+q1dGxR8LBYNZeofhEdUNGSMbQD3Gw2lAzX9Zb3uIU6Ebc/Fmyjo9AWWfnn0AUCHqtevs/8g==
  dependencies:
    pend "~1.2.0"

fs-constants@^1.0.0:
  version "1.0.0"
  resolved "https://registry.npmjs.org/fs-constants/-/fs-constants-1.0.0.tgz"
  integrity sha512-y6OAwoSIf7FyjMIv94u+b5rdheZEjzR63GTyZJm5qh4Bi+2YgwLCcI/fPFZkL5PSixOt6ZNKm+w+Hfp/Bciwow==

fs.realpath@^1.0.0:
  version "1.0.0"
  resolved "https://registry.npmjs.org/fs.realpath/-/fs.realpath-1.0.0.tgz"
  integrity sha512-OO0pH2lK6a0hZnAdau5ItzHPI6pUlvI7jMVnxUQRtw4owF2wk8lOSabtGDCTP4Ggrg2MbGnWO9X8K1t4+fGMDw==

function-bind@^1.1.2:
  version "1.1.2"
  resolved "https://registry.npmjs.org/function-bind/-/function-bind-1.1.2.tgz"
  integrity sha512-7XHNxH7qX9xG5mIwxkhumTox/MIRNcOgDrxWsMt2pAr23WHp6MrRlN7FBSFpCpr+oVO0F744iUgR82nJMfG2SA==

get-intrinsic@^1.0.2, get-intrinsic@^1.1.3, get-intrinsic@^1.2.1, get-intrinsic@^1.2.2:
  version "1.2.2"
  resolved "https://registry.npmjs.org/get-intrinsic/-/get-intrinsic-1.2.2.tgz"
  integrity sha512-0gSo4ml/0j98Y3lngkFEot/zhiCeWsbYIlZ+uZOVgzLyLaUw7wxUL+nCTP0XJvJg1AXulJRI3UJi8GsbDuxdGA==
  dependencies:
    function-bind "^1.1.2"
    has-proto "^1.0.1"
    has-symbols "^1.0.3"
    hasown "^2.0.0"

github-from-package@0.0.0:
  version "0.0.0"
  resolved "https://registry.npmjs.org/github-from-package/-/github-from-package-0.0.0.tgz"
  integrity sha512-SyHy3T1v2NUXn29OsWdxmK6RwHD+vkj3v8en8AOBZ1wBQ/hCAQ5bAQTD02kW4W9tUp/3Qh6J8r9EvntiyCmOOw==

glob@^7.0.6, glob@^7.1.2, glob@7.1.2:
  version "7.1.2"
  resolved "https://registry.npmjs.org/glob/-/glob-7.1.2.tgz"
  integrity sha512-MJTUg1kjuLeQCJ+ccE4Vpa6kKVXkPYJ2mOCQyUuKLcLQsdrMCpBPUi8qVE6+YuaJkozeA9NusTAw3hLr8Xe5EQ==
  dependencies:
    fs.realpath "^1.0.0"
    inflight "^1.0.4"
    inherits "2"
    minimatch "^3.0.4"
    once "^1.3.0"
    path-is-absolute "^1.0.0"

glob@^7.1.3:
  version "7.2.3"
  resolved "https://registry.npmjs.org/glob/-/glob-7.2.3.tgz"
  integrity sha512-nFR0zLpU2YCaRxwoCJvL6UvCH2JFyFVIvwTLsIf21AuHlMskA1hhTdk+LlYJtOlYt9v6dvszD2BGRqBL+iQK9Q==
  dependencies:
    fs.realpath "^1.0.0"
    inflight "^1.0.4"
    inherits "2"
    minimatch "^3.1.1"
    once "^1.3.0"
    path-is-absolute "^1.0.0"

gopd@^1.0.1:
  version "1.0.1"
  resolved "https://registry.npmjs.org/gopd/-/gopd-1.0.1.tgz"
  integrity sha512-d65bNlIadxvpb/A2abVdlqKqV563juRnZ1Wtk6s1sIR8uNsXR70xqIzVqxVf1eTqDunwT2MkczEeaezCKTZhwA==
  dependencies:
    get-intrinsic "^1.1.3"

growl@1.10.5:
  version "1.10.5"
  resolved "https://registry.npmjs.org/growl/-/growl-1.10.5.tgz"
  integrity sha512-qBr4OuELkhPenW6goKVXiv47US3clb3/IbuWF9KNKEijAy9oeHxU9IgzjvJhHkUzhaj7rOUD7+YGWqUjLp5oSA==

has-flag@^3.0.0:
  version "3.0.0"
  resolved "https://registry.npmjs.org/has-flag/-/has-flag-3.0.0.tgz"
  integrity sha512-sKJf1+ceQBr4SMkvQnBDNDtf4TXpVhVGateu0t918bl30FnbE2m4vNLX+VWe/dpjlb+HugGYzW7uQXH98HPEYw==

has-property-descriptors@^1.0.0, has-property-descriptors@^1.0.1:
  version "1.0.1"
  resolved "https://registry.npmjs.org/has-property-descriptors/-/has-property-descriptors-1.0.1.tgz"
  integrity sha512-VsX8eaIewvas0xnvinAe9bw4WfIeODpGYikiWYLH+dma0Jw6KHYqWiWfhQlgOVK8D6PvjubK5Uc4P0iIhIcNVg==
  dependencies:
    get-intrinsic "^1.2.2"

has-proto@^1.0.1:
  version "1.0.1"
  resolved "https://registry.npmjs.org/has-proto/-/has-proto-1.0.1.tgz"
  integrity sha512-7qE+iP+O+bgF9clE5+UoBFzE65mlBiVj3tKCrlNQ0Ogwm0BjpT/gK4SlLYDMybDh5I3TCTKnPPa0oMG7JDYrhg==

has-symbols@^1.0.3:
  version "1.0.3"
  resolved "https://registry.npmjs.org/has-symbols/-/has-symbols-1.0.3.tgz"
  integrity sha512-l3LCuF6MgDNwTDKkdYGEihYjt5pRPbEg46rtlmnSPlUbgmB8LOIrKJbYYFBSbnPaJexMKtiPO8hmeRjRz2Td+A==

hasown@^2.0.0:
  version "2.0.0"
  resolved "https://registry.npmjs.org/hasown/-/hasown-2.0.0.tgz"
  integrity sha512-vUptKVTpIJhcczKBbgnS+RtcuYMB8+oNzPK2/Hp3hanz8JmpATdmmgLgSaadVREkDm+e2giHwY3ZRkyjSIDDFA==
  dependencies:
    function-bind "^1.1.2"

he@1.1.1:
  version "1.1.1"
  resolved "https://registry.npmjs.org/he/-/he-1.1.1.tgz"
  integrity sha512-z/GDPjlRMNOa2XJiB4em8wJpuuBfrFOlYKTZxtpkdr1uPdibHI8rYA3MY0KDObpVyaes0e/aunid/t88ZI2EKA==

hosted-git-info@^4.0.2:
  version "4.1.0"
  resolved "https://registry.npmjs.org/hosted-git-info/-/hosted-git-info-4.1.0.tgz"
  integrity sha512-kyCuEOWjJqZuDbRHzL8V93NzQhwIB71oFWSyzVo+KPZI+pnQPPxucdkrOZvkLRnrf5URsQM+IJ09Dw29cRALIA==
  dependencies:
    lru-cache "^6.0.0"

htmlparser2@^8.0.1:
  version "8.0.2"
  resolved "https://registry.npmjs.org/htmlparser2/-/htmlparser2-8.0.2.tgz"
  integrity sha512-GYdjWKDkbRLkZ5geuHs5NY1puJ+PXwP7+fHPRz06Eirsb9ugf6d8kkXav6ADhcODhFFPMIXyxkxSuMf3D6NCFA==
  dependencies:
    domelementtype "^2.3.0"
    domhandler "^5.0.3"
    domutils "^3.0.1"
    entities "^4.4.0"

http-proxy-agent@^2.1.0:
  version "2.1.0"
  resolved "https://registry.npmjs.org/http-proxy-agent/-/http-proxy-agent-2.1.0.tgz"
  integrity sha512-qwHbBLV7WviBl0rQsOzH6o5lwyOIvwp/BdFnvVxXORldu5TmjFfjzBcWUWS5kWAZhmv+JtiDhSuQCp4sBfbIgg==
  dependencies:
    agent-base "4"
    debug "3.1.0"

http-proxy-agent@^4.0.1:
  version "4.0.1"
  resolved "https://registry.npmjs.org/http-proxy-agent/-/http-proxy-agent-4.0.1.tgz"
  integrity sha512-k0zdNgqWTGA6aeIRVpvfVob4fL52dTfaehylg0Y4UvSySvOq/Y+BOyPrgpUrA7HylqvU8vIZGsRuXmspskV0Tg==
  dependencies:
    "@tootallnate/once" "1"
    agent-base "6"
    debug "4"

https-proxy-agent@^2.2.1:
  version "2.2.4"
  resolved "https://registry.npmjs.org/https-proxy-agent/-/https-proxy-agent-2.2.4.tgz"
  integrity sha512-OmvfoQ53WLjtA9HeYP9RNrWMJzzAz1JGaSFr1nijg0PVR1JaD/xbJq1mdEIIlxGpXp9eSe/O2LgU9DJmTPd0Eg==
  dependencies:
    agent-base "^4.3.0"
    debug "^3.1.0"

https-proxy-agent@^5.0.0:
  version "5.0.1"
  resolved "https://registry.npmjs.org/https-proxy-agent/-/https-proxy-agent-5.0.1.tgz"
  integrity sha512-dFcAjpTQFgoLMzC2VwU+C/CbS7uRL0lWmxDITmqm7C+7F0Odmj6s9l6alZc6AELXhrnggM2CeWSXHGOdX2YtwA==
  dependencies:
    agent-base "6"
    debug "4"

ieee754@^1.1.13:
  version "1.2.1"
  resolved "https://registry.npmjs.org/ieee754/-/ieee754-1.2.1.tgz"
  integrity sha512-dcyqhDvX1C46lXZcVqCpK+FtMRQVdIMN6/Df5js2zouUsqG7I6sFxitIC+7KYK29KdXOLHdu9zL4sFnoVQnqaA==

inflight@^1.0.4:
  version "1.0.6"
  resolved "https://registry.npmjs.org/inflight/-/inflight-1.0.6.tgz"
  integrity sha512-k92I/b08q4wvFscXCLvqfsHCrjrF7yiXsQuIVvVE7N82W3+aqpzuUdBbfhWcy/FZR3/4IgflMgKLOsvPDrGCJA==
  dependencies:
    once "^1.3.0"
    wrappy "1"

inherits@^2.0.3, inherits@^2.0.4, inherits@2:
  version "2.0.4"
  resolved "https://registry.npmjs.org/inherits/-/inherits-2.0.4.tgz"
  integrity sha512-k/vGaX4/Yla3WzyMCvTQOXYeIHvqOKtnqBduzTHpzpQZzAskKMhZ2K+EnBiSM9zGSoIFeMpXKxa4dYeZIQqewQ==

ini@~1.3.0:
  version "1.3.8"
  resolved "https://registry.npmjs.org/ini/-/ini-1.3.8.tgz"
  integrity sha512-JV/yugV2uzW5iMRSiZAyDtQd+nxtUnjeLt0acNdw98kKLrvuRVyB80tsREOE7yvGVgalhZ6RNXCmEHkUKBKxew==

keytar@^7.7.0:
  version "7.9.0"
  resolved "https://registry.npmjs.org/keytar/-/keytar-7.9.0.tgz"
  integrity sha512-VPD8mtVtm5JNtA2AErl6Chp06JBfy7diFQ7TQQhdpWOl6MrCRB+eRbvAZUsbGQS9kiMq0coJsy0W0vHpDCkWsQ==
  dependencies:
    node-addon-api "^4.3.0"
    prebuild-install "^7.0.1"

leven@^3.1.0:
  version "3.1.0"
  resolved "https://registry.npmjs.org/leven/-/leven-3.1.0.tgz"
  integrity sha512-qsda+H8jTaUaN/x5vzW2rzc+8Rw4TAQ/4KjB46IwK5VH+IlVeeeje/EoZRpiXvIqjFgK84QffqPztGI3VBLG1A==

linkify-it@^2.0.0:
  version "2.2.0"
  resolved "https://registry.npmjs.org/linkify-it/-/linkify-it-2.2.0.tgz"
  integrity sha512-GnAl/knGn+i1U/wjBz3akz2stz+HrHLsxMwHQGofCDfPvlf+gDKN58UtfmUquTY4/MXeE2x7k19KQmeoZi94Iw==
  dependencies:
    uc.micro "^1.0.1"

lodash@^4.17.15:
  version "4.17.21"
  resolved "https://registry.npmjs.org/lodash/-/lodash-4.17.21.tgz"
  integrity sha512-v2kDEe57lecTulaDIuNTPy3Ry4gLGJ6Z1O3vE1krgXZNrsQ+LFTGHVxVjcXPs17LhbZVGedAJv8XZ1tvj5FvSg==

lru-cache@^6.0.0:
  version "6.0.0"
  resolved "https://registry.npmjs.org/lru-cache/-/lru-cache-6.0.0.tgz"
  integrity sha512-Jo6dJ04CmSjuznwJSS3pUeWmd/H0ffTlkXXgwZi+eq1UCmqQwCh+eLsYOYCwY991i2Fah4h1BEMCx4qThGbsiA==
  dependencies:
    yallist "^4.0.0"

markdown-it@^10.0.0:
  version "10.0.0"
  resolved "https://registry.npmjs.org/markdown-it/-/markdown-it-10.0.0.tgz"
  integrity sha512-YWOP1j7UbDNz+TumYP1kpwnP0aEa711cJjrAQrzd0UXlbJfc5aAq0F/PZHjiioqDC1NKgvIMX+o+9Bk7yuM2dg==
  dependencies:
    argparse "^1.0.7"
    entities "~2.0.0"
    linkify-it "^2.0.0"
    mdurl "^1.0.1"
    uc.micro "^1.0.5"

mdurl@^1.0.1:
  version "1.0.1"
  resolved "https://registry.npmjs.org/mdurl/-/mdurl-1.0.1.tgz"
  integrity sha512-/sKlQJCBYVY9Ers9hqzKou4H6V5UWc/M59TH2dvkt+84itfnq7uFOMLpOiOS4ujvHP4etln18fmIxA5R5fll0g==

mime@^1.3.4:
  version "1.6.0"
  resolved "https://registry.npmjs.org/mime/-/mime-1.6.0.tgz"
  integrity sha512-x0Vn8spI+wuJ1O6S7gnbaQg8Pxh4NNHb7KSINmEWKiPE4RKOplvijn+NkmYmmRgP68mc70j2EbeTFRsrswaQeg==

mimic-response@^3.1.0:
  version "3.1.0"
  resolved "https://registry.npmjs.org/mimic-response/-/mimic-response-3.1.0.tgz"
  integrity sha512-z0yWI+4FDrrweS8Zmt4Ej5HdJmky15+L2e6Wgn3+iK5fWzb6T3fhNFq2+MeTRb064c6Wr4N/wv0DzQTjNzHNGQ==

minimatch@^3.0.3, minimatch@^3.0.4, minimatch@3.0.4:
  version "3.0.4"
  resolved "https://registry.npmjs.org/minimatch/-/minimatch-3.0.4.tgz"
  integrity sha512-yJHVQEhyqPLUTgt9B83PXu6W3rx4MvvHvSUvToogpwoGDOUQ+yDrR0HRot+yOCdCO7u4hX3pWft6kWBBcqh0UA==
  dependencies:
    brace-expansion "^1.1.7"

minimatch@^3.1.1:
  version "3.1.2"
  resolved "https://registry.npmjs.org/minimatch/-/minimatch-3.1.2.tgz"
  integrity sha512-J7p63hRiAjw1NDEww1W7i37+ByIrOWO5XQQAzZ3VOcL0PNybwpfmV/N05zFAzwQ9USyEcX6t3UO+K5aqBQOIHw==
  dependencies:
    brace-expansion "^1.1.7"

minimist@^1.2.0:
  version "1.2.8"
  resolved "https://registry.npmjs.org/minimist/-/minimist-1.2.8.tgz"
  integrity sha512-2yyAR8qBkN3YuheJanUpWC5U3bb5osDywNB8RzDVlDwDHbocAJveqqj1u8+SVD7jkWT4yvsHCpWqqWqAxb0zCA==

minimist@^1.2.3:
  version "1.2.8"
  resolved "https://registry.npmjs.org/minimist/-/minimist-1.2.8.tgz"
  integrity sha512-2yyAR8qBkN3YuheJanUpWC5U3bb5osDywNB8RzDVlDwDHbocAJveqqj1u8+SVD7jkWT4yvsHCpWqqWqAxb0zCA==

minimist@0.0.8:
  version "0.0.8"
  resolved "https://registry.npmjs.org/minimist/-/minimist-0.0.8.tgz"
  integrity sha512-miQKw5Hv4NS1Psg2517mV4e4dYNaO3++hjAvLOAzKqZ61rH8NS1SK+vbfBWZ5PY/Me/bEWhUwqMghEW5Fb9T7Q==

mkdirp-classic@^0.5.2, mkdirp-classic@^0.5.3:
  version "0.5.3"
  resolved "https://registry.npmjs.org/mkdirp-classic/-/mkdirp-classic-0.5.3.tgz"
  integrity sha512-gKLcREMhtuZRwRAfqP3RFW+TK4JqApVBtOIftVgjuABpAtpxhPGaDcfvbhNvD0B8iD1oUr/txX35NjcaY6Ns/A==

mkdirp@0.5.1:
  version "0.5.1"
  resolved "https://registry.npmjs.org/mkdirp/-/mkdirp-0.5.1.tgz"
  integrity sha512-SknJC52obPfGQPnjIkXbmA6+5H15E+fR+E4iR2oQ3zzCLbd7/ONua69R/Gw7AgkTLsRG+r5fzksYwWe1AgTyWA==
  dependencies:
    minimist "0.0.8"

mocha@^5.2.0:
  version "5.2.0"
  resolved "https://registry.npmjs.org/mocha/-/mocha-5.2.0.tgz"
  integrity sha512-2IUgKDhc3J7Uug+FxMXuqIyYzH7gJjXECKe/w43IGgQHTSj3InJi+yAA7T24L9bQMRKiUEHxEX37G5JpVUGLcQ==
  dependencies:
    browser-stdout "1.3.1"
    commander "2.15.1"
    debug "3.1.0"
    diff "3.5.0"
    escape-string-regexp "1.0.5"
    glob "7.1.2"
    growl "1.10.5"
    he "1.1.1"
    minimatch "3.0.4"
    mkdirp "0.5.1"
    supports-color "5.4.0"

ms@2.0.0:
  version "2.0.0"
  resolved "https://registry.npmjs.org/ms/-/ms-2.0.0.tgz"
  integrity sha512-Tpp60P6IUJDTuOq/5Z8cdskzJujfwqfOTkrwIwj7IRISpnkJnT6SyJ4PCPnGMoFjC9ddhal5KVIYtAt97ix05A==

ms@2.1.2:
  version "2.1.2"
  resolved "https://registry.npmjs.org/ms/-/ms-2.1.2.tgz"
  integrity sha512-sGkPx+VjMtmA6MX27oA4FBFELFCZZ4S4XqeGOXCv68tT+jb3vk/RyaKWP0PTKyWtmLSM0b+adUTEvbs1PEaH2w==

mute-stream@~0.0.4:
  version "0.0.8"
  resolved "https://registry.npmjs.org/mute-stream/-/mute-stream-0.0.8.tgz"
  integrity sha512-nnbWWOkoWyUsTjKrhgD0dcz22mdkSnpYqbEjIm2nhwhuxlSkpywJmBo8h0ZqJdkp73mb90SssHkN4rsRaBAfAA==

napi-build-utils@^1.0.1:
  version "1.0.2"
  resolved "https://registry.npmjs.org/napi-build-utils/-/napi-build-utils-1.0.2.tgz"
  integrity sha512-ONmRUqK7zj7DWX0D9ADe03wbwOBZxNAfF20PlGfCWQcD3+/MakShIHrMqx9YwPTfxDdF1zLeL+RGZiR9kGMLdg==

node-abi@^3.3.0:
  version "3.54.0"
  resolved "https://registry.npmjs.org/node-abi/-/node-abi-3.54.0.tgz"
  integrity sha512-p7eGEiQil0YUV3ItH4/tBb781L5impVmmx2E9FRKF7d18XXzp4PGT2tdYMFY6wQqgxD0IwNZOiSJ0/K0fSi/OA==
  dependencies:
    semver "^7.3.5"

node-addon-api@^4.3.0:
  version "4.3.0"
  resolved "https://registry.npmjs.org/node-addon-api/-/node-addon-api-4.3.0.tgz"
  integrity sha512-73sE9+3UaLYYFmDsFZnqCInzPyh3MqIwZO9cw58yIqAZhONrrabrYyYe3TuIqtIiOuTXVhsGau8hcrhhwSsDIQ==

nth-check@^2.0.1:
  version "2.1.1"
  resolved "https://registry.npmjs.org/nth-check/-/nth-check-2.1.1.tgz"
  integrity sha512-lqjrjmaOoAnWfMmBPL+XNnynZh2+swxiX3WUE0s4yEHI6m+AwrK2UZOimIRl3X/4QctVqS8AiZjFqyOGrMXb/w==
  dependencies:
    boolbase "^1.0.0"

object-inspect@^1.9.0:
  version "1.13.1"
  resolved "https://registry.npmjs.org/object-inspect/-/object-inspect-1.13.1.tgz"
  integrity sha512-5qoj1RUiKOMsCCNLV1CBiPYE10sziTsnmNxkAI/rZhiD63CF7IqdFGC/XzjWjpSgLf0LxXX3bDFIh0E18f6UhQ==

once@^1.3.0, once@^1.3.1, once@^1.4.0:
  version "1.4.0"
  resolved "https://registry.npmjs.org/once/-/once-1.4.0.tgz"
  integrity sha512-lNaJgI+2Q5URQBkccEKHTQOPaXdUxnZZElQTZY0MFUAuaEqe1E+Nyvgdz/aIyNi6Z9MzO5dv1H8n58/GELp3+w==
  dependencies:
    wrappy "1"

os-homedir@^1.0.0:
  version "1.0.2"
  resolved "https://registry.npmjs.org/os-homedir/-/os-homedir-1.0.2.tgz"
  integrity sha512-B5JU3cabzk8c67mRRd3ECmROafjYMXbuzlwtqdM8IbS8ktlTix8aFGb2bAGKrSRIlnfKwovGUUr72JUPyOb6kQ==

os-tmpdir@^1.0.0:
  version "1.0.2"
  resolved "https://registry.npmjs.org/os-tmpdir/-/os-tmpdir-1.0.2.tgz"
  integrity sha512-D2FR03Vir7FIu45XBY20mTb+/ZSWB00sjU9jdQXt83gDrI4Ztz5Fs7/yy74g2N5SVQY4xY1qDr4rNddwYRVX0g==

osenv@^0.1.3:
  version "0.1.5"
  resolved "https://registry.npmjs.org/osenv/-/osenv-0.1.5.tgz"
  integrity sha512-0CWcCECdMVc2Rw3U5w9ZjqX6ga6ubk1xDVKxtBQPK7wis/0F2r9T6k4ydGYhecl7YUBxBVxhL5oisPsNxAPe2g==
  dependencies:
    os-homedir "^1.0.0"
    os-tmpdir "^1.0.0"

parse-semver@^1.1.1:
  version "1.1.1"
  resolved "https://registry.npmjs.org/parse-semver/-/parse-semver-1.1.1.tgz"
  integrity sha512-Eg1OuNntBMH0ojvEKSrvDSnwLmvVuUOSdylH/pSCPNMIspLlweJyIWXCE+k/5hm3cj/EBUYwmWkjhBALNP4LXQ==
  dependencies:
    semver "^5.1.0"

parse5-htmlparser2-tree-adapter@^7.0.0:
  version "7.0.0"
  resolved "https://registry.npmjs.org/parse5-htmlparser2-tree-adapter/-/parse5-htmlparser2-tree-adapter-7.0.0.tgz"
  integrity sha512-B77tOZrqqfUfnVcOrUvfdLbz4pu4RopLD/4vmu3HUPswwTA8OH0EMW9BlWR2B0RCoiZRAHEUu7IxeP1Pd1UU+g==
  dependencies:
    domhandler "^5.0.2"
    parse5 "^7.0.0"

parse5@^7.0.0:
  version "7.1.2"
  resolved "https://registry.npmjs.org/parse5/-/parse5-7.1.2.tgz"
  integrity sha512-Czj1WaSVpaoj0wbhMzLmWD69anp2WH7FXMB9n1Sy8/ZFF9jolSQVMu1Ij5WIyGmcBmhk7EOndpO4mIpihVqAXw==
  dependencies:
    entities "^4.4.0"

path-is-absolute@^1.0.0:
  version "1.0.1"
  resolved "https://registry.npmjs.org/path-is-absolute/-/path-is-absolute-1.0.1.tgz"
  integrity sha512-AVbw3UJ2e9bq64vSaS9Am0fje1Pa8pbGqTTsmXfaIiMpnr5DlDhfJOuLj9Sf95ZPVDAUerDfEk88MPmPe7UCQg==

pend@~1.2.0:
  version "1.2.0"
  resolved "https://registry.npmjs.org/pend/-/pend-1.2.0.tgz"
  integrity sha512-F3asv42UuXchdzt+xXqfW1OGlVBe+mxa2mqI0pg5yAHZPvFmY3Y6drSf/GQ1A86WgWEN9Kzh/WrgKa6iGcHXLg==

prebuild-install@^7.0.1:
  version "7.1.1"
  resolved "https://registry.npmjs.org/prebuild-install/-/prebuild-install-7.1.1.tgz"
  integrity sha512-jAXscXWMcCK8GgCoHOfIr0ODh5ai8mj63L2nWrjuAgXE6tDyYGnx4/8o/rCgU+B4JSyZBKbeZqzhtwtC3ovxjw==
  dependencies:
    detect-libc "^2.0.0"
    expand-template "^2.0.3"
    github-from-package "0.0.0"
    minimist "^1.2.3"
    mkdirp-classic "^0.5.3"
    napi-build-utils "^1.0.1"
    node-abi "^3.3.0"
    pump "^3.0.0"
    rc "^1.2.7"
    simple-get "^4.0.0"
    tar-fs "^2.0.0"
    tunnel-agent "^0.6.0"

pump@^3.0.0:
  version "3.0.0"
  resolved "https://registry.npmjs.org/pump/-/pump-3.0.0.tgz"
  integrity sha512-LwZy+p3SFs1Pytd/jYct4wpv49HiYCqd9Rlc5ZVdk0V+8Yzv6jR5Blk3TRmPL1ft69TxP0IMZGJ+WPFU2BFhww==
  dependencies:
    end-of-stream "^1.1.0"
    once "^1.3.1"

qs@^6.9.1:
  version "6.11.2"
  resolved "https://registry.npmjs.org/qs/-/qs-6.11.2.tgz"
  integrity sha512-tDNIz22aBzCDxLtVH++VnTfzxlfeK5CbqohpSqpJgj1Wg/cQbStNAz3NuqCs5vV+pjBsK4x4pN9HlVh7rcYRiA==
  dependencies:
    side-channel "^1.0.4"

rc@^1.2.7:
  version "1.2.8"
  resolved "https://registry.npmjs.org/rc/-/rc-1.2.8.tgz"
  integrity sha512-y3bGgqKj3QBdxLbLkomlohkvsA8gdAiUQlSBJnBhfn+BPxg4bc62d8TcBW15wavDfgexCgccckhcZvywyQYPOw==
  dependencies:
    deep-extend "^0.6.0"
    ini "~1.3.0"
    minimist "^1.2.0"
    strip-json-comments "~2.0.1"

read@^1.0.7:
  version "1.0.7"
  resolved "https://registry.npmjs.org/read/-/read-1.0.7.tgz"
  integrity sha512-rSOKNYUmaxy0om1BNjMN4ezNT6VKK+2xF4GBhc81mkH7L60i6dp8qPYrkndNLT3QPphoII3maL9PVC9XmhHwVQ==
  dependencies:
    mute-stream "~0.0.4"

readable-stream@^3.1.1, readable-stream@^3.4.0:
  version "3.6.2"
  resolved "https://registry.npmjs.org/readable-stream/-/readable-stream-3.6.2.tgz"
  integrity sha512-9u/sniCrY3D5WdsERHzHE4G2YCXqoG5FTHUiCC4SIbr6XcLZBY05ya9EKjYek9O5xOAwjGq+1JdGBAS7Q9ScoA==
  dependencies:
    inherits "^2.0.3"
    string_decoder "^1.1.1"
    util-deprecate "^1.0.1"

rimraf@^3.0.0:
  version "3.0.2"
  resolved "https://registry.npmjs.org/rimraf/-/rimraf-3.0.2.tgz"
  integrity sha512-JZkJMZkAGFFPP2YqXZXPbMlMBgsxzE8ILs4lMIX/2o0L9UBw9O/Y3o6wFw/i9YLapcUJWwqbi3kdxIPdC62TIA==
  dependencies:
    glob "^7.1.3"

safe-buffer@^5.0.1, safe-buffer@~5.2.0:
  version "5.2.1"
  resolved "https://registry.npmjs.org/safe-buffer/-/safe-buffer-5.2.1.tgz"
  integrity sha512-rp3So07KcdmmKbGvgaNxQSJr7bGVSVk5S9Eq1F+ppbRo70+YeaDxkw5Dd8NPN+GD6bjnYm2VuPuCXmpuYvmCXQ==

sax@>=0.6.0:
  version "1.3.0"
  resolved "https://registry.npmjs.org/sax/-/sax-1.3.0.tgz"
  integrity sha512-0s+oAmw9zLl1V1cS9BtZN7JAd0cW5e0QH4W3LWEK6a4LaLEA2OTpGYWDY+6XasBLtz6wkm3u1xRw95mRuJ59WA==

semver@^5.1.0, semver@^5.4.1:
  version "5.7.2"
  resolved "https://registry.npmjs.org/semver/-/semver-5.7.2.tgz"
  integrity sha512-cBznnQ9KjJqU67B52RMC65CMarK2600WFnbkcaiwWq3xy/5haFJlshgnpjovMVJ+Hff49d8GEn0b87C5pDQ10g==

semver@^7.3.5:
  version "7.5.4"
  resolved "https://registry.npmjs.org/semver/-/semver-7.5.4.tgz"
  integrity sha512-1bCSESV6Pv+i21Hvpxp3Dx+pSD8lIPt8uVjRrxAUt/nbswYc+tK6Y2btiULjd4+fnq15PX+nqQDC7Oft7WkwcA==
  dependencies:
    lru-cache "^6.0.0"

set-function-length@^1.1.1:
  version "1.2.0"
  resolved "https://registry.npmjs.org/set-function-length/-/set-function-length-1.2.0.tgz"
  integrity sha512-4DBHDoyHlM1IRPGYcoxexgh67y4ueR53FKV1yyxwFMY7aCqcN/38M1+SwZ/qJQ8iLv7+ck385ot4CcisOAPT9w==
  dependencies:
    define-data-property "^1.1.1"
    function-bind "^1.1.2"
    get-intrinsic "^1.2.2"
    gopd "^1.0.1"
    has-property-descriptors "^1.0.1"

side-channel@^1.0.4:
  version "1.0.4"
  resolved "https://registry.npmjs.org/side-channel/-/side-channel-1.0.4.tgz"
  integrity sha512-q5XPytqFEIKHkGdiMIrY10mvLRvnQh42/+GoBlFW3b2LXLE2xxJpZFdm94we0BaoV3RwJyGqg5wS7epxTv0Zvw==
  dependencies:
    call-bind "^1.0.0"
    get-intrinsic "^1.0.2"
    object-inspect "^1.9.0"

simple-concat@^1.0.0:
  version "1.0.1"
  resolved "https://registry.npmjs.org/simple-concat/-/simple-concat-1.0.1.tgz"
  integrity sha512-cSFtAPtRhljv69IK0hTVZQ+OfE9nePi/rtJmw5UjHeVyVroEqJXP1sFztKUy1qU+xvz3u/sfYJLa947b7nAN2Q==

simple-get@^4.0.0:
  version "4.0.1"
  resolved "https://registry.npmjs.org/simple-get/-/simple-get-4.0.1.tgz"
  integrity sha512-brv7p5WgH0jmQJr1ZDDfKDOSeWWg+OVypG99A/5vYGPqJ6pxiaHLy8nxtFjBA7oMa01ebA9gfh1uMCFqOuXxvA==
  dependencies:
    decompress-response "^6.0.0"
    once "^1.3.1"
    simple-concat "^1.0.0"

source-map-support@^0.5.0:
  version "0.5.21"
  resolved "https://registry.npmjs.org/source-map-support/-/source-map-support-0.5.21.tgz"
  integrity sha512-uBHU3L3czsIyYXKX88fdrGovxdSCoTGDRZ6SYXtSRxLZUzHg5P/66Ht6uoUlHu9EZod+inXhKo3qQgwXUT/y1w==
  dependencies:
    buffer-from "^1.0.0"
    source-map "^0.6.0"

source-map@^0.6.0:
  version "0.6.1"
  resolved "https://registry.npmjs.org/source-map/-/source-map-0.6.1.tgz"
  integrity sha512-UjgapumWlbMhkBgzT7Ykc5YXUT46F0iKu8SGXq0bcwP5dz/h0Plj6enJqjz1Zbq2l5WaqYnrVbwWOWMyF3F47g==

sprintf-js@~1.0.2:
  version "1.0.3"
  resolved "https://registry.npmjs.org/sprintf-js/-/sprintf-js-1.0.3.tgz"
  integrity sha512-D9cPgkvLlV3t3IzL0D0YLvGA9Ahk4PcvVwUbN0dSGr1aP0Nrt4AEnTUbuGvquEC0mA64Gqt1fzirlRs5ibXx8g==

string_decoder@^1.1.1:
  version "1.3.0"
  resolved "https://registry.npmjs.org/string_decoder/-/string_decoder-1.3.0.tgz"
  integrity sha512-hkRX8U1WjJFd8LsDJ2yQ/wWWxaopEsABU1XfkM8A+j0+85JAGppt16cr1Whg6KIbb4okU6Mql6BOj+uup/wKeA==
  dependencies:
    safe-buffer "~5.2.0"

strip-json-comments@~2.0.1:
  version "2.0.1"
  resolved "https://registry.npmjs.org/strip-json-comments/-/strip-json-comments-2.0.1.tgz"
  integrity sha512-4gB8na07fecVVkOI6Rs4e7T6NOTki5EmL7TUduTs6bu3EdnSycntVJ4re8kgZA+wx9IueI2Y11bfbgwtzuE0KQ==

supports-color@^5.3.0, supports-color@5.4.0:
  version "5.4.0"
  resolved "https://registry.npmjs.org/supports-color/-/supports-color-5.4.0.tgz"
  integrity sha512-zjaXglF5nnWpsq470jSv6P9DwPvgLkuapYmfDm3JWOm0vkNTVF2tI4UrN2r6jH1qM/uc/WtxYY1hYoA2dOKj5w==
  dependencies:
    has-flag "^3.0.0"

tar-fs@^2.0.0:
  version "2.1.1"
  resolved "https://registry.npmjs.org/tar-fs/-/tar-fs-2.1.1.tgz"
  integrity sha512-V0r2Y9scmbDRLCNex/+hYzvp/zyYjvFbHPNgVTKfQvVrb6guiE/fxP+XblDNR011utopbkex2nM4dHNV6GDsng==
  dependencies:
    chownr "^1.1.1"
    mkdirp-classic "^0.5.2"
    pump "^3.0.0"
    tar-stream "^2.1.4"

tar-stream@^2.1.4:
  version "2.2.0"
  resolved "https://registry.npmjs.org/tar-stream/-/tar-stream-2.2.0.tgz"
  integrity sha512-ujeqbceABgwMZxEJnk2HDY2DlnUZ+9oEcb1KzTVfYHio0UE6dG71n60d8D2I4qNvleWrrXpmjpt7vZeF1LnMZQ==
  dependencies:
    bl "^4.0.3"
    end-of-stream "^1.4.1"
    fs-constants "^1.0.0"
    inherits "^2.0.3"
    readable-stream "^3.1.1"

tmp@^0.2.1:
  version "0.2.1"
  resolved "https://registry.npmjs.org/tmp/-/tmp-0.2.1.tgz"
  integrity sha512-76SUhtfqR2Ijn+xllcI5P1oyannHNHByD80W1q447gU3mp9G9PSpGdWmjUOHRDPiHYacIk66W7ubDTuPF3BEtQ==
  dependencies:
    rimraf "^3.0.0"

tunnel-agent@^0.6.0:
  version "0.6.0"
  resolved "https://registry.npmjs.org/tunnel-agent/-/tunnel-agent-0.6.0.tgz"
  integrity sha512-McnNiV1l8RYeY8tBgEpuodCC1mLUdbSN+CYBL7kJsJNInOP8UjDDEwdk6Mw60vdLLrr5NHKZhMAOSrR2NZuQ+w==
  dependencies:
    safe-buffer "^5.0.1"

tunnel@0.0.6:
  version "0.0.6"
  resolved "https://registry.npmjs.org/tunnel/-/tunnel-0.0.6.tgz"
  integrity sha512-1h/Lnq9yajKY2PEbBadPXj3VxsDDu844OnaAo52UVmIzIvwwtBPIuNvkjuzBlTWpfJyUbG3ez0KSBibQkj4ojg==

typed-rest-client@^1.8.4:
  version "1.8.11"
  resolved "https://registry.npmjs.org/typed-rest-client/-/typed-rest-client-1.8.11.tgz"
  integrity sha512-5UvfMpd1oelmUPRbbaVnq+rHP7ng2cE4qoQkQeAqxRL6PklkxsM0g32/HL0yfvruK6ojQ5x8EE+HF4YV6DtuCA==
  dependencies:
    qs "^6.9.1"
    tunnel "0.0.6"
    underscore "^1.12.1"

typescript@^3.8.3:
  version "3.9.10"
  resolved "https://registry.npmjs.org/typescript/-/typescript-3.9.10.tgz"
  integrity sha512-w6fIxVE/H1PkLKcCPsFqKE7Kv7QUwhU8qQY2MueZXWx5cPZdwFupLgKK3vntcK98BtNHZtAF4LA/yl2a7k8R6Q==

uc.micro@^1.0.1, uc.micro@^1.0.5:
  version "1.0.6"
  resolved "https://registry.npmjs.org/uc.micro/-/uc.micro-1.0.6.tgz"
  integrity sha512-8Y75pvTYkLJW2hWQHXxoqRgV7qb9B+9vFEtidML+7koHUFapnVJAZ6cKs+Qjz5Aw3aZWHMC6u0wJE3At+nSGwA==

underscore@^1.12.1:
  version "1.13.6"
  resolved "https://registry.npmjs.org/underscore/-/underscore-1.13.6.tgz"
  integrity sha512-+A5Sja4HP1M08MaXya7p5LvjuM7K6q/2EaC0+iovj/wOcMsTzMvDFbasi/oSapiwOlt252IqsKqPjCl7huKS0A==

url-join@^1.1.0:
  version "1.1.0"
  resolved "https://registry.npmjs.org/url-join/-/url-join-1.1.0.tgz"
  integrity sha512-zz1wZk4Lb5PTVwZ3HWDmm8XnlPvmOof6/fjdDPA5yBrUcbtV64U6bV832Zf1BtU2WkBBWaUT46wCs+l0HP5nhg==

util-deprecate@^1.0.1:
  version "1.0.2"
  resolved "https://registry.npmjs.org/util-deprecate/-/util-deprecate-1.0.2.tgz"
  integrity sha512-EPD5q1uXyFxJpCrLnCc1nHnq3gOa6DZBocAIiI2TaSCA7VCJ1UJDMagCzIkXNsUYfD1daK//LTEQ8xiIbrHtcw==

vsce@^1.74.0:
  version "1.103.1"
  resolved "https://registry.npmjs.org/vsce/-/vsce-1.103.1.tgz"
  integrity sha512-98oKQKKRp7J/vTIk1cuzom5cezZpYpRHs3WlySdsrTCrAEipB/HvaPTc4VZ3hGZHzHXS9P5p2L0IllntJeXwiQ==
  dependencies:
    azure-devops-node-api "^11.0.1"
    chalk "^2.4.2"
    cheerio "^1.0.0-rc.9"
    commander "^6.1.0"
    denodeify "^1.2.1"
    glob "^7.0.6"
    hosted-git-info "^4.0.2"
    keytar "^7.7.0"
    leven "^3.1.0"
    lodash "^4.17.15"
    markdown-it "^10.0.0"
    mime "^1.3.4"
    minimatch "^3.0.3"
    osenv "^0.1.3"
    parse-semver "^1.1.1"
    read "^1.0.7"
    semver "^5.1.0"
    tmp "^0.2.1"
    typed-rest-client "^1.8.4"
    url-join "^1.1.0"
    xml2js "^0.4.23"
    yauzl "^2.3.1"
    yazl "^2.2.2"

vscode-test@^0.4.1:
  version "0.4.3"
  resolved "https://registry.npmjs.org/vscode-test/-/vscode-test-0.4.3.tgz"
  integrity sha512-EkMGqBSefZH2MgW65nY05rdRSko15uvzq4VAPM5jVmwYuFQKE7eikKXNJDRxL+OITXHB6pI+a3XqqD32Y3KC5w==
  dependencies:
    http-proxy-agent "^2.1.0"
    https-proxy-agent "^2.2.1"

vscode@^1.1.26:
  version "1.1.37"
  resolved "https://registry.npmjs.org/vscode/-/vscode-1.1.37.tgz"
  integrity sha512-vJNj6IlN7IJPdMavlQa1KoFB3Ihn06q1AiN3ZFI/HfzPNzbKZWPPuiU+XkpNOfGU5k15m4r80nxNPlM7wcc0wg==
  dependencies:
    glob "^7.1.2"
    http-proxy-agent "^4.0.1"
    https-proxy-agent "^5.0.0"
    mocha "^5.2.0"
    semver "^5.4.1"
    source-map-support "^0.5.0"
    vscode-test "^0.4.1"

wrappy@1:
  version "1.0.2"
  resolved "https://registry.npmjs.org/wrappy/-/wrappy-1.0.2.tgz"
  integrity sha512-l4Sp/DRseor9wL6EvV2+TuQn63dMkPjZ/sp9XkghTEbV9KlPS1xUsZ3u7/IQO4wxtcFB4bgpQPRcR3QCvezPcQ==

xml2js@^0.4.23:
  version "0.4.23"
  resolved "https://registry.npmjs.org/xml2js/-/xml2js-0.4.23.tgz"
  integrity sha512-ySPiMjM0+pLDftHgXY4By0uswI3SPKLDw/i3UXbnO8M/p28zqexCUoPmQFrYD+/1BzhGJSs2i1ERWKJAtiLrug==
  dependencies:
    sax ">=0.6.0"
    xmlbuilder "~11.0.0"

xmlbuilder@~11.0.0:
  version "11.0.1"
  resolved "https://registry.npmjs.org/xmlbuilder/-/xmlbuilder-11.0.1.tgz"
  integrity sha512-fDlsI/kFEx7gLvbecc0/ohLG50fugQp8ryHzMTuW9vSa1GJ0XYWKnhsUx7oie3G98+r56aTQIUB4kht42R3JvA==

yallist@^4.0.0:
  version "4.0.0"
  resolved "https://registry.npmjs.org/yallist/-/yallist-4.0.0.tgz"
  integrity sha512-3wdGidZyq5PB084XLES5TpOSRA3wjXAlIWMhum2kRcv/41Sn2emQ0dycQW4uZXLejwKvg6EsvbdlVL+FYEct7A==

yauzl@^2.3.1:
  version "2.10.0"
  resolved "https://registry.npmjs.org/yauzl/-/yauzl-2.10.0.tgz"
  integrity sha512-p4a9I6X6nu6IhoGmBqAcbJy1mlC4j27vEPZX9F4L4/vZT3Lyq1VkFHw/V/PUcB9Buo+DG3iHkT0x3Qya58zc3g==
  dependencies:
    buffer-crc32 "~0.2.3"
    fd-slicer "~1.1.0"

yazl@^2.2.2:
  version "2.5.1"
  resolved "https://registry.npmjs.org/yazl/-/yazl-2.5.1.tgz"
  integrity sha512-phENi2PLiHnHb6QBVot+dJnaAZ0xosj7p3fWl+znIjBDlnMI2PsZCJZ306BPTFOaHf5qdDEI8x5qFrSOBN5vrw==
  dependencies:
    buffer-crc32 "~0.2.3"
